
Microsoft Visual Studio Solution File, Format Version 12.00
# Visual Studio Version 17
VisualStudioVersion = 17.6.33723.286
MinimumVisualStudioVersion = 10.0.40219.1
Project("{FAE04EC0-301F-11D3-BF4B-00C04F79EFBC}") = "Lab6_Q3", "Lab6_Q3\Lab6_Q3.csproj", "{25213CD6-2119-478A-B32E-C76F78E2CB1D}"
EndProject
Global
	GlobalSection(SolutionConfigurationPlatforms) = preSolution
		Debug|Any CPU = Debug|Any CPU
		Release|Any CPU = Release|Any CPU
	EndGlobalSection
	GlobalSection(ProjectConfigurationPlatforms) = postSolution
		{25213CD6-2119-478A-B32E-C76F78E2CB1D}.Debug|Any CPU.ActiveCfg = Debug|Any CPU
		{25213CD6-2119-478A-B32E-C76F78E2CB1D}.Debug|Any CPU.Build.0 = Debug|Any CPU
		{25213CD6-2119-478A-B32E-C76F78E2CB1D}.Release|Any CPU.ActiveCfg = Release|Any CPU
		{25213CD6-2119-478A-B32E-C76F78E2CB1D}.Release|Any CPU.Build.0 = Release|Any CPU
	EndGlobalSection
	GlobalSection(SolutionProperties) = preSolution
		HideSolutionNode = FALSE
	EndGlobalSection
	GlobalSection(ExtensibilityGlobals) = postSolution
		SolutionGuid = {E82D7EA8-025F-4814-A6F8-B1C52F219210}
	EndGlobalSection
EndGlobal
